PODS:
  - Swift-MJAlert (0.1.0):
    - Swift-MJModule/Alert
    - Swift-MJModule/Localize
  - Swift-MJModule (0.1.0):
    - Swift-MJModule/Core (= 0.1.0)
  - Swift-MJModule/Alert (0.1.0):
    - Swift-MJModule/Core
  - Swift-MJModule/Core (0.1.0)
  - Swift-MJModule/Localize (0.1.0):
    - Swift-MJModule/Core

DEPENDENCIES:
  - Swift-MJAlert (from `/Users/liupengi/Documents/Musjoy_Swift/Swift-MJAlert`)
  - Swift-MJModule (from `/Users/liupengi/Documents/OhBug/Swift-MJModule`)

EXTERNAL SOURCES:
  Swift-MJAlert:
    :path: "/Users/liupengi/Documents/Musjoy_Swift/Swift-MJAlert"
  Swift-MJModule:
    :path: "/Users/liupengi/Documents/OhBug/Swift-MJModule"

SPEC CHECKSUMS:
  Swift-MJAlert: ca823ea1b3529933c8865f652886c1e26670f1cc
  Swift-MJModule: 8483182a098c35f824ae55426e3d24b17b3b972a

PODFILE CHECKSUM: 086040cd03c49c53051b9cc4872de7936aa82187

COCOAPODS: 1.5.3
