// !$*UTF8*$!
{
	archiveVersion = 1;
	classes = {
	};
	objectVersion = 50;
	objects = {

/* Begin PBXBuildFile section */
		05FB300A347A852E456F7748 /* Pods_Example.framework in Frameworks */ = {isa = PBXBuildFile; fileRef = 6FA46B5ED571889CAD9125F8 /* Pods_Example.framework */; };
		461959E721E455DF0029FA78 /* AppDelegate.swift in Sources */ = {isa = PBXBuildFile; fileRef = 461959E621E455DF0029FA78 /* AppDelegate.swift */; };
		461959E921E455DF0029FA78 /* ViewController.swift in Sources */ = {isa = PBXBuildFile; fileRef = 461959E821E455DF0029FA78 /* ViewController.swift */; };
		461959EC21E455DF0029FA78 /* Main.storyboard in Resources */ = {isa = PBXBuildFile; fileRef = 461959EA21E455DF0029FA78 /* Main.storyboard */; };
		461959EE21E455E00029FA78 /* Assets.xcassets in Resources */ = {isa = PBXBuildFile; fileRef = 461959ED21E455E00029FA78 /* Assets.xcassets */; };
		461959F121E455E00029FA78 /* LaunchScreen.storyboard in Resources */ = {isa = PBXBuildFile; fileRef = 461959EF21E455E00029FA78 /* LaunchScreen.storyboard */; };
		461959FC21E499710029FA78 /* CustomViewController.swift in Sources */ = {isa = PBXBuildFile; fileRef = 461959FA21E499710029FA78 /* CustomViewController.swift */; };
		461959FD21E499710029FA78 /* CustomViewController.xib in Resources */ = {isa = PBXBuildFile; fileRef = 461959FB21E499710029FA78 /* CustomViewController.xib */; };
		461959FF21E49F410029FA78 /* CustomView.swift in Sources */ = {isa = PBXBuildFile; fileRef = 461959FE21E49F410029FA78 /* CustomView.swift */; };
		46195A0121E49F510029FA78 /* CustomView.xib in Resources */ = {isa = PBXBuildFile; fileRef = 46195A0021E49F510029FA78 /* CustomView.xib */; };
/* End PBXBuildFile section */

/* Begin PBXFileReference section */
		38D459CA460B275DC2A7D5D8 /* Pods-Example.debug.xcconfig */ = {isa = PBXFileReference; includeInIndex = 1; lastKnownFileType = text.xcconfig; name = "Pods-Example.debug.xcconfig"; path = "Pods/Target Support Files/Pods-Example/Pods-Example.debug.xcconfig"; sourceTree = "<group>"; };
		461959E321E455DF0029FA78 /* Example.app */ = {isa = PBXFileReference; explicitFileType = wrapper.application; includeInIndex = 0; path = Example.app; sourceTree = BUILT_PRODUCTS_DIR; };
		461959E621E455DF0029FA78 /* AppDelegate.swift */ = {isa = PBXFileReference; lastKnownFileType = sourcecode.swift; path = AppDelegate.swift; sourceTree = "<group>"; };
		461959E821E455DF0029FA78 /* ViewController.swift */ = {isa = PBXFileReference; lastKnownFileType = sourcecode.swift; path = ViewController.swift; sourceTree = "<group>"; };
		461959EB21E455DF0029FA78 /* Base */ = {isa = PBXFileReference; lastKnownFileType = file.storyboard; name = Base; path = Base.lproj/Main.storyboard; sourceTree = "<group>"; };
		461959ED21E455E00029FA78 /* Assets.xcassets */ = {isa = PBXFileReference; lastKnownFileType = folder.assetcatalog; path = Assets.xcassets; sourceTree = "<group>"; };
		461959F021E455E00029FA78 /* Base */ = {isa = PBXFileReference; lastKnownFileType = file.storyboard; name = Base; path = Base.lproj/LaunchScreen.storyboard; sourceTree = "<group>"; };
		461959F221E455E00029FA78 /* Info.plist */ = {isa = PBXFileReference; lastKnownFileType = text.plist.xml; path = Info.plist; sourceTree = "<group>"; };
		461959FA21E499710029FA78 /* CustomViewController.swift */ = {isa = PBXFileReference; lastKnownFileType = sourcecode.swift; path = CustomViewController.swift; sourceTree = "<group>"; };
		461959FB21E499710029FA78 /* CustomViewController.xib */ = {isa = PBXFileReference; lastKnownFileType = file.xib; path = CustomViewController.xib; sourceTree = "<group>"; };
		461959FE21E49F410029FA78 /* CustomView.swift */ = {isa = PBXFileReference; lastKnownFileType = sourcecode.swift; path = CustomView.swift; sourceTree = "<group>"; };
		46195A0021E49F510029FA78 /* CustomView.xib */ = {isa = PBXFileReference; lastKnownFileType = file.xib; path = CustomView.xib; sourceTree = "<group>"; };
		5BDA0DB94DC332F4405FF800 /* Pods-Example.release.xcconfig */ = {isa = PBXFileReference; includeInIndex = 1; lastKnownFileType = text.xcconfig; name = "Pods-Example.release.xcconfig"; path = "Pods/Target Support Files/Pods-Example/Pods-Example.release.xcconfig"; sourceTree = "<group>"; };
		6FA46B5ED571889CAD9125F8 /* Pods_Example.framework */ = {isa = PBXFileReference; explicitFileType = wrapper.framework; includeInIndex = 0; path = Pods_Example.framework; sourceTree = BUILT_PRODUCTS_DIR; };
/* End PBXFileReference section */

/* Begin PBXFrameworksBuildPhase section */
		461959E021E455DF0029FA78 /* Frameworks */ = {
			isa = PBXFrameworksBuildPhase;
			buildActionMask = 2147483647;
			files = (
				05FB300A347A852E456F7748 /* Pods_Example.framework in Frameworks */,
			);
			runOnlyForDeploymentPostprocessing = 0;
		};
/* End PBXFrameworksBuildPhase section */

/* Begin PBXGroup section */
		0BAC1FFB2FE8BAA5D5839CD0 /* Pods */ = {
			isa = PBXGroup;
			children = (
				38D459CA460B275DC2A7D5D8 /* Pods-Example.debug.xcconfig */,
				5BDA0DB94DC332F4405FF800 /* Pods-Example.release.xcconfig */,
			);
			name = Pods;
			sourceTree = "<group>";
		};
		461959DA21E455DF0029FA78 = {
			isa = PBXGroup;
			children = (
				461959E521E455DF0029FA78 /* Example */,
				461959E421E455DF0029FA78 /* Products */,
				0BAC1FFB2FE8BAA5D5839CD0 /* Pods */,
				EAE4B640B71454E462422302 /* Frameworks */,
			);
			sourceTree = "<group>";
		};
		461959E421E455DF0029FA78 /* Products */ = {
			isa = PBXGroup;
			children = (
				461959E321E455DF0029FA78 /* Example.app */,
			);
			name = Products;
			sourceTree = "<group>";
		};
		461959E521E455DF0029FA78 /* Example */ = {
			isa = PBXGroup;
			children = (
				461959E621E455DF0029FA78 /* AppDelegate.swift */,
				461959E821E455DF0029FA78 /* ViewController.swift */,
				461959FA21E499710029FA78 /* CustomViewController.swift */,
				461959FB21E499710029FA78 /* CustomViewController.xib */,
				461959FE21E49F410029FA78 /* CustomView.swift */,
				46195A0021E49F510029FA78 /* CustomView.xib */,
				461959EA21E455DF0029FA78 /* Main.storyboard */,
				461959ED21E455E00029FA78 /* Assets.xcassets */,
				461959EF21E455E00029FA78 /* LaunchScreen.storyboard */,
				461959F221E455E00029FA78 /* Info.plist */,
			);
			path = Example;
			sourceTree = "<group>";
		};
		EAE4B640B71454E462422302 /* Frameworks */ = {
			isa = PBXGroup;
			children = (
				6FA46B5ED571889CAD9125F8 /* Pods_Example.framework */,
			);
			name = Frameworks;
			sourceTree = "<group>";
		};
/* End PBXGroup section */

/* Begin PBXNativeTarget section */
		461959E221E455DF0029FA78 /* Example */ = {
			isa = PBXNativeTarget;
			buildConfigurationList = 461959F521E455E00029FA78 /* Build configuration list for PBXNativeTarget "Example" */;
			buildPhases = (
				3AE2EB3FA90CAA1333E01BAC /* [CP] Check Pods Manifest.lock */,
				461959DF21E455DF0029FA78 /* Sources */,
				461959E021E455DF0029FA78 /* Frameworks */,
				461959E121E455DF0029FA78 /* Resources */,
				FD45A841D6ACFD992FD68C3B /* [CP] Embed Pods Frameworks */,
			);
			buildRules = (
			);
			dependencies = (
			);
			name = Example;
			productName = Example;
			productReference = 461959E321E455DF0029FA78 /* Example.app */;
			productType = "com.apple.product-type.application";
		};
/* End PBXNativeTarget section */

/* Begin PBXProject section */
		461959DB21E455DF0029FA78 /* Project object */ = {
			isa = PBXProject;
			attributes = {
				LastSwiftUpdateCheck = 1010;
				LastUpgradeCheck = 1010;
				ORGANIZATIONNAME = wuhan.musjoy;
				TargetAttributes = {
					461959E221E455DF0029FA78 = {
						CreatedOnToolsVersion = 10.1;
					};
				};
			};
			buildConfigurationList = 461959DE21E455DF0029FA78 /* Build configuration list for PBXProject "Example" */;
			compatibilityVersion = "Xcode 9.3";
			developmentRegion = en;
			hasScannedForEncodings = 0;
			knownRegions = (
				en,
				Base,
			);
			mainGroup = 461959DA21E455DF0029FA78;
			productRefGroup = 461959E421E455DF0029FA78 /* Products */;
			projectDirPath = "";
			projectRoot = "";
			targets = (
				461959E221E455DF0029FA78 /* Example */,
			);
		};
/* End PBXProject section */

/* Begin PBXResourcesBuildPhase section */
		461959E121E455DF0029FA78 /* Resources */ = {
			isa = PBXResourcesBuildPhase;
			buildActionMask = 2147483647;
			files = (
				461959F121E455E00029FA78 /* LaunchScreen.storyboard in Resources */,
				46195A0121E49F510029FA78 /* CustomView.xib in Resources */,
				461959EE21E455E00029FA78 /* Assets.xcassets in Resources */,
				461959EC21E455DF0029FA78 /* Main.storyboard in Resources */,
				461959FD21E499710029FA78 /* CustomViewController.xib in Resources */,
			);
			runOnlyForDeploymentPostprocessing = 0;
		};
/* End PBXResourcesBuildPhase section */

/* Begin PBXShellScriptBuildPhase section */
		3AE2EB3FA90CAA1333E01BAC /* [CP] Check Pods Manifest.lock */ = {
			isa = PBXShellScriptBuildPhase;
			buildActionMask = 2147483647;
			files = (
			);
			inputPaths = (
				"${PODS_PODFILE_DIR_PATH}/Podfile.lock",
				"${PODS_ROOT}/Manifest.lock",
			);
			name = "[CP] Check Pods Manifest.lock";
			outputPaths = (
				"$(DERIVED_FILE_DIR)/Pods-Example-checkManifestLockResult.txt",
			);
			runOnlyForDeploymentPostprocessing = 0;
			shellPath = /bin/sh;
			shellScript = "diff \"${PODS_PODFILE_DIR_PATH}/Podfile.lock\" \"${PODS_ROOT}/Manifest.lock\" > /dev/null\nif [ $? != 0 ] ; then\n    # print error to STDERR\n    echo \"error: The sandbox is not in sync with the Podfile.lock. Run 'pod install' or update your CocoaPods installation.\" >&2\n    exit 1\nfi\n# This output is used by Xcode 'outputs' to avoid re-running this script phase.\necho \"SUCCESS\" > \"${SCRIPT_OUTPUT_FILE_0}\"\n";
			showEnvVarsInLog = 0;
		};
		FD45A841D6ACFD992FD68C3B /* [CP] Embed Pods Frameworks */ = {
			isa = PBXShellScriptBuildPhase;
			buildActionMask = 2147483647;
			files = (
			);
			inputPaths = (
				"${SRCROOT}/Pods/Target Support Files/Pods-Example/Pods-Example-frameworks.sh",
				"${BUILT_PRODUCTS_DIR}/Swift-MJAlert/MJAlert.framework",
				"${BUILT_PRODUCTS_DIR}/Swift-MJModule/MJModule.framework",
			);
			name = "[CP] Embed Pods Frameworks";
			outputPaths = (
				"${TARGET_BUILD_DIR}/${FRAMEWORKS_FOLDER_PATH}/MJAlert.framework",
				"${TARGET_BUILD_DIR}/${FRAMEWORKS_FOLDER_PATH}/MJModule.framework",
			);
			runOnlyForDeploymentPostprocessing = 0;
			shellPath = /bin/sh;
			shellScript = "\"${SRCROOT}/Pods/Target Support Files/Pods-Example/Pods-Example-frameworks.sh\"\n";
			showEnvVarsInLog = 0;
		};
/* End PBXShellScriptBuildPhase section */

/* Begin PBXSourcesBuildPhase section */
		461959DF21E455DF0029FA78 /* Sources */ = {
			isa = PBXSourcesBuildPhase;
			buildActionMask = 2147483647;
			files = (
				461959FC21E499710029FA78 /* CustomViewController.swift in Sources */,
				461959FF21E49F410029FA78 /* CustomView.swift in Sources */,
				461959E921E455DF0029FA78 /* ViewController.swift in Sources */,
				461959E721E455DF0029FA78 /* AppDelegate.swift in Sources */,
			);
			runOnlyForDeploymentPostprocessing = 0;
		};
/* End PBXSourcesBuildPhase section */

/* Begin PBXVariantGroup section */
		461959EA21E455DF0029FA78 /* Main.storyboard */ = {
			isa = PBXVariantGroup;
			children = (
				461959EB21E455DF0029FA78 /* Base */,
			);
			name = Main.storyboard;
			sourceTree = "<group>";
		};
		461959EF21E455E00029FA78 /* LaunchScreen.storyboard */ = {
			isa = PBXVariantGroup;
			children = (
				461959F021E455E00029FA78 /* Base */,
			);
			name = LaunchScreen.storyboard;
			sourceTree = "<group>";
		};
/* End PBXVariantGroup section */

/* Begin XCBuildConfiguration section */
		461959F321E455E00029FA78 /* Debug */ = {
			isa = XCBuildConfiguration;
			buildSettings = {
				ALWAYS_SEARCH_USER_PATHS = NO;
				CLANG_ANALYZER_NONNULL = YES;
				CLANG_ANALYZER_NUMBER_OBJECT_CONVERSION = YES_AGGRESSIVE;
				CLANG_CXX_LANGUAGE_STANDARD = "gnu++14";
				CLANG_CXX_LIBRARY = "libc++";
				CLANG_ENABLE_MODULES = YES;
				CLANG_ENABLE_OBJC_ARC = YES;
				CLANG_ENABLE_OBJC_WEAK = YES;
				CLANG_WARN_BLOCK_CAPTURE_AUTORELEASING = YES;
				CLANG_WARN_BOOL_CONVERSION = YES;
				CLANG_WARN_COMMA = YES;
				CLANG_WARN_CONSTANT_CONVERSION = YES;
				CLANG_WARN_DEPRECATED_OBJC_IMPLEMENTATIONS = YES;
				CLANG_WARN_DIRECT_OBJC_ISA_USAGE = YES_ERROR;
				CLANG_WARN_DOCUMENTATION_COMMENTS = YES;
				CLANG_WARN_EMPTY_BODY = YES;
				CLANG_WARN_ENUM_CONVERSION = YES;
				CLANG_WARN_INFINITE_RECURSION = YES;
				CLANG_WARN_INT_CONVERSION = YES;
				CLANG_WARN_NON_LITERAL_NULL_CONVERSION = YES;
				CLANG_WARN_OBJC_IMPLICIT_RETAIN_SELF = YES;
				CLANG_WARN_OBJC_LITERAL_CONVERSION = YES;
				CLANG_WARN_OBJC_ROOT_CLASS = YES_ERROR;
				CLANG_WARN_RANGE_LOOP_ANALYSIS = YES;
				CLANG_WARN_STRICT_PROTOTYPES = YES;
				CLANG_WARN_SUSPICIOUS_MOVE = YES;
				CLANG_WARN_UNGUARDED_AVAILABILITY = YES_AGGRESSIVE;
				CLANG_WARN_UNREACHABLE_CODE = YES;
				CLANG_WARN__DUPLICATE_METHOD_MATCH = YES;
				CODE_SIGN_IDENTITY = "iPhone Developer";
				COPY_PHASE_STRIP = NO;
				DEBUG_INFORMATION_FORMAT = dwarf;
				ENABLE_STRICT_OBJC_MSGSEND = YES;
				ENABLE_TESTABILITY = YES;
				GCC_C_LANGUAGE_STANDARD = gnu11;
				GCC_DYNAMIC_NO_PIC = NO;
				GCC_NO_COMMON_BLOCKS = YES;
				GCC_OPTIMIZATION_LEVEL = 0;
				GCC_PREPROCESSOR_DEFINITIONS = (
					"DEBUG=1",
					"$(inherited)",
				);
				GCC_WARN_64_TO_32_BIT_CONVERSION = YES;
				GCC_WARN_ABOUT_RETURN_TYPE = YES_ERROR;
				GCC_WARN_UNDECLARED_SELECTOR = YES;
				GCC_WARN_UNINITIALIZED_AUTOS = YES_AGGRESSIVE;
				GCC_WARN_UNUSED_FUNCTION = YES;
				GCC_WARN_UNUSED_VARIABLE = YES;
				IPHONEOS_DEPLOYMENT_TARGET = 12.1;
				MTL_ENABLE_DEBUG_INFO = INCLUDE_SOURCE;
				MTL_FAST_MATH = YES;
				ONLY_ACTIVE_ARCH = YES;
				SDKROOT = iphoneos;
				SWIFT_ACTIVE_COMPILATION_CONDITIONS = DEBUG;
				SWIFT_OPTIMIZATION_LEVEL = "-Onone";
			};
			name = Debug;
		};
		461959F421E455E00029FA78 /* Release */ = {
			isa = XCBuildConfiguration;
			buildSettings = {
				ALWAYS_SEARCH_USER_PATHS = NO;
				CLANG_ANALYZER_NONNULL = YES;
				CLANG_ANALYZER_NUMBER_OBJECT_CONVERSION = YES_AGGRESSIVE;
				CLANG_CXX_LANGUAGE_STANDARD = "gnu++14";
				CLANG_CXX_LIBRARY = "libc++";
				CLANG_ENABLE_MODULES = YES;
				CLANG_ENABLE_OBJC_ARC = YES;
				CLANG_ENABLE_OBJC_WEAK = YES;
				CLANG_WARN_BLOCK_CAPTURE_AUTORELEASING = YES;
				CLANG_WARN_BOOL_CONVERSION = YES;
				CLANG_WARN_COMMA = YES;
				CLANG_WARN_CONSTANT_CONVERSION = YES;
				CLANG_WARN_DEPRECATED_OBJC_IMPLEMENTATIONS = YES;
				CLANG_WARN_DIRECT_OBJC_ISA_USAGE = YES_ERROR;
				CLANG_WARN_DOCUMENTATION_COMMENTS = YES;
				CLANG_WARN_EMPTY_BODY = YES;
				CLANG_WARN_ENUM_CONVERSION = YES;
				CLANG_WARN_INFINITE_RECURSION = YES;
				CLANG_WARN_INT_CONVERSION = YES;
				CLANG_WARN_NON_LITERAL_NULL_CONVERSION = YES;
				CLANG_WARN_OBJC_IMPLICIT_RETAIN_SELF = YES;
				CLANG_WARN_OBJC_LITERAL_CONVERSION = YES;
				CLANG_WARN_OBJC_ROOT_CLASS = YES_ERROR;
				CLANG_WARN_RANGE_LOOP_ANALYSIS = YES;
				CLANG_WARN_STRICT_PROTOTYPES = YES;
				CLANG_WARN_SUSPICIOUS_MOVE = YES;
				CLANG_WARN_UNGUARDED_AVAILABILITY = YES_AGGRESSIVE;
				CLANG_WARN_UNREACHABLE_CODE = YES;
				CLANG_WARN__DUPLICATE_METHOD_MATCH = YES;
				CODE_SIGN_IDENTITY = "iPhone Developer";
				COPY_PHASE_STRIP = NO;
				DEBUG_INFORMATION_FORMAT = "dwarf-with-dsym";
				ENABLE_NS_ASSERTIONS = NO;
				ENABLE_STRICT_OBJC_MSGSEND = YES;
				GCC_C_LANGUAGE_STANDARD = gnu11;
				GCC_NO_COMMON_BLOCKS = YES;
				GCC_WARN_64_TO_32_BIT_CONVERSION = YES;
				GCC_WARN_ABOUT_RETURN_TYPE = YES_ERROR;
				GCC_WARN_UNDECLARED_SELECTOR = YES;
				GCC_WARN_UNINITIALIZED_AUTOS = YES_AGGRESSIVE;
				GCC_WARN_UNUSED_FUNCTION = YES;
				GCC_WARN_UNUSED_VARIABLE = YES;
				IPHONEOS_DEPLOYMENT_TARGET = 12.1;
				MTL_ENABLE_DEBUG_INFO = NO;
				MTL_FAST_MATH = YES;
				SDKROOT = iphoneos;
				SWIFT_COMPILATION_MODE = wholemodule;
				SWIFT_OPTIMIZATION_LEVEL = "-O";
				VALIDATE_PRODUCT = YES;
			};
			name = Release;
		};
		461959F621E455E00029FA78 /* Debug */ = {
			isa = XCBuildConfiguration;
			baseConfigurationReference = 38D459CA460B275DC2A7D5D8 /* Pods-Example.debug.xcconfig */;
			buildSettings = {
				ASSETCATALOG_COMPILER_APPICON_NAME = AppIcon;
				CODE_SIGN_STYLE = Automatic;
				DEVELOPMENT_TEAM = 76MM79XMJ9;
				INFOPLIST_FILE = Example/Info.plist;
				LD_RUNPATH_SEARCH_PATHS = (
					"$(inherited)",
					"@executable_path/Frameworks",
				);
				PRODUCT_BUNDLE_IDENTIFIER = com.wuhan.musjoy.MJAlert;
				PRODUCT_NAME = "$(TARGET_NAME)";
				SWIFT_VERSION = 4.2;
				TARGETED_DEVICE_FAMILY = "1,2";
			};
			name = Debug;
		};
		461959F721E455E00029FA78 /* Release */ = {
			isa = XCBuildConfiguration;
			baseConfigurationReference = 5BDA0DB94DC332F4405FF800 /* Pods-Example.release.xcconfig */;
			buildSettings = {
				ASSETCATALOG_COMPILER_APPICON_NAME = AppIcon;
				CODE_SIGN_STYLE = Automatic;
				DEVELOPMENT_TEAM = 76MM79XMJ9;
				INFOPLIST_FILE = Example/Info.plist;
				LD_RUNPATH_SEARCH_PATHS = (
					"$(inherited)",
					"@executable_path/Frameworks",
				);
				PRODUCT_BUNDLE_IDENTIFIER = com.wuhan.musjoy.MJAlert;
				PRODUCT_NAME = "$(TARGET_NAME)";
				SWIFT_VERSION = 4.2;
				TARGETED_DEVICE_FAMILY = "1,2";
			};
			name = Release;
		};
/* End XCBuildConfiguration section */

/* Begin XCConfigurationList section */
		461959DE21E455DF0029FA78 /* Build configuration list for PBXProject "Example" */ = {
			isa = XCConfigurationList;
			buildConfigurations = (
				461959F321E455E00029FA78 /* Debug */,
				461959F421E455E00029FA78 /* Release */,
			);
			defaultConfigurationIsVisible = 0;
			defaultConfigurationName = Release;
		};
		461959F521E455E00029FA78 /* Build configuration list for PBXNativeTarget "Example" */ = {
			isa = XCConfigurationList;
			buildConfigurations = (
				461959F621E455E00029FA78 /* Debug */,
				461959F721E455E00029FA78 /* Release */,
			);
			defaultConfigurationIsVisible = 0;
			defaultConfigurationName = Release;
		};
/* End XCConfigurationList section */
	};
	rootObject = 461959DB21E455DF0029FA78 /* Project object */;
}
